// !$*UTF8*$!
{
	archiveVersion = 1;
	classes = {
	};
	objectVersion = 46;
	objects = {

/* Begin PBXBuildFile section */
		A076ECB61D830A4D00BEB71C /* AppDelegate.swift in Sources */ = {isa = PBXBuildFile; fileRef = A076ECB51D830A4D00BEB71C /* AppDelegate.swift */; };
		A076ECB81D830A4D00BEB71C /* HomeVC.swift in Sources */ = {isa = PBXBuildFile; fileRef = A076ECB71D830A4D00BEB71C /* HomeVC.swift */; };
		A076ECBB1D830A4D00BEB71C /* Main.storyboard in Resources */ = {isa = PBXBuildFile; fileRef = A076ECB91D830A4D00BEB71C /* Main.storyboard */; };
		A076ECBE1D830A4D00BEB71C /* EventTracker.xcdatamodeld in Sources */ = {isa = PBXBuildFile; fileRef = A076ECBC1D830A4D00BEB71C /* EventTracker.xcdatamodeld */; };
		A076ECC01D830A4D00BEB71C /* Assets.xcassets in Resources */ = {isa = PBXBuildFile; fileRef = A076ECBF1D830A4D00BEB71C /* Assets.xcassets */; };
		A076ECC31D830A4D00BEB71C /* LaunchScreen.storyboard in Resources */ = {isa = PBXBuildFile; fileRef = A076ECC11D830A4D00BEB71C /* LaunchScreen.storyboard */; };
		A0B39C951D84622C00515BA8 /* Person+CoreDataProperties.swift in Sources */ = {isa = PBXBuildFile; fileRef = A0B39C911D84622C00515BA8 /* Person+CoreDataProperties.swift */; };
		A0B39C961D84622C00515BA8 /* Person.swift in Sources */ = {isa = PBXBuildFile; fileRef = A0B39C921D84622C00515BA8 /* Person.swift */; };
		A0B39C971D84622C00515BA8 /* Event+CoreDataProperties.swift in Sources */ = {isa = PBXBuildFile; fileRef = A0B39C931D84622C00515BA8 /* Event+CoreDataProperties.swift */; };
		A0B39C981D84622C00515BA8 /* Event.swift in Sources */ = {isa = PBXBuildFile; fileRef = A0B39C941D84622C00515BA8 /* Event.swift */; };
/* End PBXBuildFile section */

/* Begin PBXFileReference section */
		A076ECB21D830A4D00BEB71C /* EventTracker.app */ = {isa = PBXFileReference; explicitFileType = wrapper.application; includeInIndex = 0; path = EventTracker.app; sourceTree = BUILT_PRODUCTS_DIR; };
		A076ECB51D830A4D00BEB71C /* AppDelegate.swift */ = {isa = PBXFileReference; lastKnownFileType = sourcecode.swift; path = AppDelegate.swift; sourceTree = "<group>"; };
		A076ECB71D830A4D00BEB71C /* HomeVC.swift */ = {isa = PBXFileReference; lastKnownFileType = sourcecode.swift; path = HomeVC.swift; sourceTree = "<group>"; };
		A076ECBA1D830A4D00BEB71C /* Base */ = {isa = PBXFileReference; lastKnownFileType = file.storyboard; name = Base; path = Base.lproj/Main.storyboard; sourceTree = "<group>"; };
		A076ECBD1D830A4D00BEB71C /* EventTracker.xcdatamodel */ = {isa = PBXFileReference; lastKnownFileType = wrapper.xcdatamodel; path = EventTracker.xcdatamodel; sourceTree = "<group>"; };
		A076ECBF1D830A4D00BEB71C /* Assets.xcassets */ = {isa = PBXFileReference; lastKnownFileType = folder.assetcatalog; path = Assets.xcassets; sourceTree = "<group>"; };
		A076ECC21D830A4D00BEB71C /* Base */ = {isa = PBXFileReference; lastKnownFileType = file.storyboard; name = Base; path = Base.lproj/LaunchScreen.storyboard; sourceTree = "<group>"; };
		A076ECC41D830A4D00BEB71C /* Info.plist */ = {isa = PBXFileReference; lastKnownFileType = text.plist.xml; path = Info.plist; sourceTree = "<group>"; };
		A0B39C911D84622C00515BA8 /* Person+CoreDataProperties.swift */ = {isa = PBXFileReference; fileEncoding = 4; lastKnownFileType = sourcecode.swift; path = "Person+CoreDataProperties.swift"; sourceTree = "<group>"; };
		A0B39C921D84622C00515BA8 /* Person.swift */ = {isa = PBXFileReference; fileEncoding = 4; lastKnownFileType = sourcecode.swift; path = Person.swift; sourceTree = "<group>"; };
		A0B39C931D84622C00515BA8 /* Event+CoreDataProperties.swift */ = {isa = PBXFileReference; fileEncoding = 4; lastKnownFileType = sourcecode.swift; path = "Event+CoreDataProperties.swift"; sourceTree = "<group>"; };
		A0B39C941D84622C00515BA8 /* Event.swift */ = {isa = PBXFileReference; fileEncoding = 4; lastKnownFileType = sourcecode.swift; path = Event.swift; sourceTree = "<group>"; };
/* End PBXFileReference section */

/* Begin PBXFrameworksBuildPhase section */
		A076ECAF1D830A4D00BEB71C /* Frameworks */ = {
			isa = PBXFrameworksBuildPhase;
			buildActionMask = 2147483647;
			files = (
			);
			runOnlyForDeploymentPostprocessing = 0;
		};
/* End PBXFrameworksBuildPhase section */

/* Begin PBXGroup section */
		A076ECA91D830A4D00BEB71C = {
			isa = PBXGroup;
			children = (
				A076ECB41D830A4D00BEB71C /* EventTracker */,
				A076ECB31D830A4D00BEB71C /* Products */,
			);
			sourceTree = "<group>";
		};
		A076ECB31D830A4D00BEB71C /* Products */ = {
			isa = PBXGroup;
			children = (
				A076ECB21D830A4D00BEB71C /* EventTracker.app */,
			);
			name = Products;
			sourceTree = "<group>";
		};
		A076ECB41D830A4D00BEB71C /* EventTracker */ = {
			isa = PBXGroup;
			children = (
				A0B39C901D8461FC00515BA8 /* Controller */,
				A0B39C8F1D8461F400515BA8 /* View */,
				A0B39C8E1D8461E300515BA8 /* Model */,
				A076ECB51D830A4D00BEB71C /* AppDelegate.swift */,
				A076ECB91D830A4D00BEB71C /* Main.storyboard */,
				A076ECBF1D830A4D00BEB71C /* Assets.xcassets */,
				A076ECC11D830A4D00BEB71C /* LaunchScreen.storyboard */,
				A076ECC41D830A4D00BEB71C /* Info.plist */,
				A076ECBC1D830A4D00BEB71C /* EventTracker.xcdatamodeld */,
			);
			path = EventTracker;
			sourceTree = "<group>";
		};
		A0B39C8E1D8461E300515BA8 /* Model */ = {
			isa = PBXGroup;
			children = (
				A0B39C911D84622C00515BA8 /* Person+CoreDataProperties.swift */,
				A0B39C921D84622C00515BA8 /* Person.swift */,
				A0B39C931D84622C00515BA8 /* Event+CoreDataProperties.swift */,
				A0B39C941D84622C00515BA8 /* Event.swift */,
			);
			name = Model;
			sourceTree = "<group>";
		};
		A0B39C8F1D8461F400515BA8 /* View */ = {
			isa = PBXGroup;
			children = (
			);
			name = View;
			sourceTree = "<group>";
		};
		A0B39C901D8461FC00515BA8 /* Controller */ = {
			isa = PBXGroup;
			children = (
				A076ECB71D830A4D00BEB71C /* HomeVC.swift */,
			);
			name = Controller;
			sourceTree = "<group>";
		};
/* End PBXGroup section */

/* Begin PBXNativeTarget section */
		A076ECB11D830A4D00BEB71C /* EventTracker */ = {
			isa = PBXNativeTarget;
			buildConfigurationList = A076ECC71D830A4D00BEB71C /* Build configuration list for PBXNativeTarget "EventTracker" */;
			buildPhases = (
				A076ECAE1D830A4D00BEB71C /* Sources */,
				A076ECAF1D830A4D00BEB71C /* Frameworks */,
				A076ECB01D830A4D00BEB71C /* Resources */,
			);
			buildRules = (
			);
			dependencies = (
			);
			name = EventTracker;
			productName = EventTracker;
			productReference = A076ECB21D830A4D00BEB71C /* EventTracker.app */;
			productType = "com.apple.product-type.application";
		};
/* End PBXNativeTarget section */

/* Begin PBXProject section */
		A076ECAA1D830A4D00BEB71C /* Project object */ = {
			isa = PBXProject;
			attributes = {
				LastSwiftUpdateCheck = 0730;
				LastUpgradeCheck = 0730;
				ORGANIZATIONNAME = "Abhishek H P";
				TargetAttributes = {
					A076ECB11D830A4D00BEB71C = {
						CreatedOnToolsVersion = 7.3.1;
					};
				};
			};
			buildConfigurationList = A076ECAD1D830A4D00BEB71C /* Build configuration list for PBXProject "EventTracker" */;
			compatibilityVersion = "Xcode 3.2";
			developmentRegion = English;
			hasScannedForEncodings = 0;
			knownRegions = (
				en,
				Base,
			);
			mainGroup = A076ECA91D830A4D00BEB71C;
			productRefGroup = A076ECB31D830A4D00BEB71C /* Products */;
			projectDirPath = "";
			projectRoot = "";
			targets = (
				A076ECB11D830A4D00BEB71C /* EventTracker */,
			);
		};
/* End PBXProject section */

/* Begin PBXResourcesBuildPhase section */
		A076ECB01D830A4D00BEB71C /* Resources */ = {
			isa = PBXResourcesBuildPhase;
			buildActionMask = 2147483647;
			files = (
				A076ECC31D830A4D00BEB71C /* LaunchScreen.storyboard in Resources */,
				A076ECC01D830A4D00BEB71C /* Assets.xcassets in Resources */,
				A076ECBB1D830A4D00BEB71C /* Main.storyboard in Resources */,
			);
			runOnlyForDeploymentPostprocessing = 0;
		};
/* End PBXResourcesBuildPhase section */

/* Begin PBXSourcesBuildPhase section */
		A076ECAE1D830A4D00BEB71C /* Sources */ = {
			isa = PBXSourcesBuildPhase;
			buildActionMask = 2147483647;
			files = (
				A0B39C971D84622C00515BA8 /* Event+CoreDataProperties.swift in Sources */,
				A0B39C961D84622C00515BA8 /* Person.swift in Sources */,
				A0B39C951D84622C00515BA8 /* Person+CoreDataProperties.swift in Sources */,
				A076ECBE1D830A4D00BEB71C /* EventTracker.xcdatamodeld in Sources */,
				A076ECB81D830A4D00BEB71C /* HomeVC.swift in Sources */,
				A0B39C981D84622C00515BA8 /* Event.swift in Sources */,
				A076ECB61D830A4D00BEB71C /* AppDelegate.swift in Sources */,
			);
			runOnlyForDeploymentPostprocessing = 0;
		};
/* End PBXSourcesBuildPhase section */

/* Begin PBXVariantGroup section */
		A076ECB91D830A4D00BEB71C /* Main.storyboard */ = {
			isa = PBXVariantGroup;
			children = (
				A076ECBA1D830A4D00BEB71C /* Base */,
			);
			name = Main.storyboard;
			sourceTree = "<group>";
		};
		A076ECC11D830A4D00BEB71C /* LaunchScreen.storyboard */ = {
			isa = PBXVariantGroup;
			children = (
				A076ECC21D830A4D00BEB71C /* Base */,
			);
			name = LaunchScreen.storyboard;
			sourceTree = "<group>";
		};
/* End PBXVariantGroup section */

/* Begin XCBuildConfiguration section */
		A076ECC51D830A4D00BEB71C /* Debug */ = {
			isa = XCBuildConfiguration;
			buildSettings = {
				ALWAYS_SEARCH_USER_PATHS = NO;
				CLANG_ANALYZER_NONNULL = YES;
				CLANG_CXX_LANGUAGE_STANDARD = "gnu++0x";
				CLANG_CXX_LIBRARY = "libc++";
				CLANG_ENABLE_MODULES = YES;
				CLANG_ENABLE_OBJC_ARC = YES;
				CLANG_WARN_BOOL_CONVERSION = YES;
				CLANG_WARN_CONSTANT_CONVERSION = YES;
				CLANG_WARN_DIRECT_OBJC_ISA_USAGE = YES_ERROR;
				CLANG_WARN_EMPTY_BODY = YES;
				CLANG_WARN_ENUM_CONVERSION = YES;
				CLANG_WARN_INT_CONVERSION = YES;
				CLANG_WARN_OBJC_ROOT_CLASS = YES_ERROR;
				CLANG_WARN_UNREACHABLE_CODE = YES;
				CLANG_WARN__DUPLICATE_METHOD_MATCH = YES;
				"CODE_SIGN_IDENTITY[sdk=iphoneos*]" = "iPhone Developer";
				COPY_PHASE_STRIP = NO;
				DEBUG_INFORMATION_FORMAT = dwarf;
				ENABLE_STRICT_OBJC_MSGSEND = YES;
				ENABLE_TESTABILITY = YES;
				GCC_C_LANGUAGE_STANDARD = gnu99;
				GCC_DYNAMIC_NO_PIC = NO;
				GCC_NO_COMMON_BLOCKS = YES;
				GCC_OPTIMIZATION_LEVEL = 0;
				GCC_PREPROCESSOR_DEFINITIONS = (
					"DEBUG=1",
					"$(inherited)",
				);
				GCC_WARN_64_TO_32_BIT_CONVERSION = YES;
				GCC_WARN_ABOUT_RETURN_TYPE = YES_ERROR;
				GCC_WARN_UNDECLARED_SELECTOR = YES;
				GCC_WARN_UNINITIALIZED_AUTOS = YES_AGGRESSIVE;
				GCC_WARN_UNUSED_FUNCTION = YES;
				GCC_WARN_UNUSED_VARIABLE = YES;
				IPHONEOS_DEPLOYMENT_TARGET = 9.3;
				MTL_ENABLE_DEBUG_INFO = YES;
				ONLY_ACTIVE_ARCH = YES;
				SDKROOT = iphoneos;
				SWIFT_OPTIMIZATION_LEVEL = "-Onone";
				TARGETED_DEVICE_FAMILY = "1,2";
			};
			name = Debug;
		};
		A076ECC61D830A4D00BEB71C /* Release */ = {
			isa = XCBuildConfiguration;
			buildSettings = {
				ALWAYS_SEARCH_USER_PATHS = NO;
				CLANG_ANALYZER_NONNULL = YES;
				CLANG_CXX_LANGUAGE_STANDARD = "gnu++0x";
				CLANG_CXX_LIBRARY = "libc++";
				CLANG_ENABLE_MODULES = YES;
				CLANG_ENABLE_OBJC_ARC = YES;
				CLANG_WARN_BOOL_CONVERSION = YES;
				CLANG_WARN_CONSTANT_CONVERSION = YES;
				CLANG_WARN_DIRECT_OBJC_ISA_USAGE = YES_ERROR;
				CLANG_WARN_EMPTY_BODY = YES;
				CLANG_WARN_ENUM_CONVERSION = YES;
				CLANG_WARN_INT_CONVERSION = YES;
				CLANG_WARN_OBJC_ROOT_CLASS = YES_ERROR;
				CLANG_WARN_UNREACHABLE_CODE = YES;
				CLANG_WARN__DUPLICATE_METHOD_MATCH = YES;
				"CODE_SIGN_IDENTITY[sdk=iphoneos*]" = "iPhone Developer";
				COPY_PHASE_STRIP = NO;
				DEBUG_INFORMATION_FORMAT = "dwarf-with-dsym";
				ENABLE_NS_ASSERTIONS = NO;
				ENABLE_STRICT_OBJC_MSGSEND = YES;
				GCC_C_LANGUAGE_STANDARD = gnu99;
				GCC_NO_COMMON_BLOCKS = YES;
				GCC_WARN_64_TO_32_BIT_CONVERSION = YES;
				GCC_WARN_ABOUT_RETURN_TYPE = YES_ERROR;
				GCC_WARN_UNDECLARED_SELECTOR = YES;
				GCC_WARN_UNINITIALIZED_AUTOS = YES_AGGRESSIVE;
				GCC_WARN_UNUSED_FUNCTION = YES;
				GCC_WARN_UNUSED_VARIABLE = YES;
				IPHONEOS_DEPLOYMENT_TARGET = 9.3;
				MTL_ENABLE_DEBUG_INFO = NO;
				SDKROOT = iphoneos;
				TARGETED_DEVICE_FAMILY = "1,2";
				VALIDATE_PRODUCT = YES;
			};
			name = Release;
		};
		A076ECC81D830A4D00BEB71C /* Debug */ = {
			isa = XCBuildConfiguration;
			buildSettings = {
				ASSETCATALOG_COMPILER_APPICON_NAME = AppIcon;
				INFOPLIST_FILE = EventTracker/Info.plist;
				LD_RUNPATH_SEARCH_PATHS = "$(inherited) @executable_path/Frameworks";
				PRODUCT_BUNDLE_IDENTIFIER = com.abs.EventTracker;
				PRODUCT_NAME = "$(TARGET_NAME)";
			};
			name = Debug;
		};
		A076ECC91D830A4D00BEB71C /* Release */ = {
			isa = XCBuildConfiguration;
			buildSettings = {
				ASSETCATALOG_COMPILER_APPICON_NAME = AppIcon;
				INFOPLIST_FILE = EventTracker/Info.plist;
				LD_RUNPATH_SEARCH_PATHS = "$(inherited) @executable_path/Frameworks";
				PRODUCT_BUNDLE_IDENTIFIER = com.abs.EventTracker;
				PRODUCT_NAME = "$(TARGET_NAME)";
			};
			name = Release;
		};
/* End XCBuildConfiguration section */

/* Begin XCConfigurationList section */
		A076ECAD1D830A4D00BEB71C /* Build configuration list for PBXProject "EventTracker" */ = {
			isa = XCConfigurationList;
			buildConfigurations = (
				A076ECC51D830A4D00BEB71C /* Debug */,
				A076ECC61D830A4D00BEB71C /* Release */,
			);
			defaultConfigurationIsVisible = 0;
			defaultConfigurationName = Release;
		};
		A076ECC71D830A4D00BEB71C /* Build configuration list for PBXNativeTarget "EventTracker" */ = {
			isa = XCConfigurationList;
			buildConfigurations = (
				A076ECC81D830A4D00BEB71C /* Debug */,
				A076ECC91D830A4D00BEB71C /* Release */,
			);
			defaultConfigurationIsVisible = 0;
			defaultConfigurationName = Release;
		};
/* End XCConfigurationList section */

/* Begin XCVersionGroup section */
		A076ECBC1D830A4D00BEB71C /* EventTracker.xcdatamodeld */ = {
			isa = XCVersionGroup;
			children = (
				A076ECBD1D830A4D00BEB71C /* EventTracker.xcdatamodel */,
			);
			currentVersion = A076ECBD1D830A4D00BEB71C /* EventTracker.xcdatamodel */;
			path = EventTracker.xcdatamodeld;
			sourceTree = "<group>";
			versionGroupType = wrapper.xcdatamodel;
		};
/* End XCVersionGroup section */
	};
	rootObject = A076ECAA1D830A4D00BEB71C /* Project object */;
}
